
Microsoft Visual Studio Solution File, Format Version 12.00
# Visual Studio Version 17
VisualStudioVersion = 17.5.33530.505
MinimumVisualStudioVersion = 10.0.40219.1
Project("{FAE04EC0-301F-11D3-BF4B-00C04F79EFBC}") = "BlogWebApp", "BlogWebApp\BlogWebApp.csproj", "{7FCCC158-79E7-419B-91D0-D7CB100F8C05}"
EndProject
Global
	GlobalSection(SolutionConfigurationPlatforms) = preSolution
		Debug|Any CPU = Debug|Any CPU
		Release|Any CPU = Release|Any CPU
	EndGlobalSection
	GlobalSection(ProjectConfigurationPlatforms) = postSolution
		{7FCCC158-79E7-419B-91D0-D7CB100F8C05}.Debug|Any CPU.ActiveCfg = Debug|Any CPU
		{7FCCC158-79E7-419B-91D0-D7CB100F8C05}.Debug|Any CPU.Build.0 = Debug|Any CPU
		{7FCCC158-79E7-419B-91D0-D7CB100F8C05}.Release|Any CPU.ActiveCfg = Release|Any CPU
		{7FCCC158-79E7-419B-91D0-D7CB100F8C05}.Release|Any CPU.Build.0 = Release|Any CPU
	EndGlobalSection
	GlobalSection(SolutionProperties) = preSolution
		HideSolutionNode = FALSE
	EndGlobalSection
	GlobalSection(ExtensibilityGlobals) = postSolution
		SolutionGuid = {1695C1C1-D8C3-4755-A6F6-89F2E6E6F639}
	EndGlobalSection
EndGlobal
